// !$*UTF8*$!
{
	archiveVersion = 1;
	classes = {
	};
	objectVersion = 46;
	objects = {

/* Begin PBXBuildFile section */
		708E14411DAD20AE0043C221 /* AppDelegate.swift in Sources */ = {isa = PBXBuildFile; fileRef = 708E14401DAD20AE0043C221 /* AppDelegate.swift */; };
		708E14431DAD20AE0043C221 /* FirstVC.swift in Sources */ = {isa = PBXBuildFile; fileRef = 708E14421DAD20AE0043C221 /* FirstVC.swift */; };
		708E14461DAD20AE0043C221 /* Main.storyboard in Resources */ = {isa = PBXBuildFile; fileRef = 708E14441DAD20AE0043C221 /* Main.storyboard */; };
		708E14481DAD20AE0043C221 /* Assets.xcassets in Resources */ = {isa = PBXBuildFile; fileRef = 708E14471DAD20AE0043C221 /* Assets.xcassets */; };
		708E144B1DAD20AE0043C221 /* LaunchScreen.storyboard in Resources */ = {isa = PBXBuildFile; fileRef = 708E14491DAD20AE0043C221 /* LaunchScreen.storyboard */; };
		708E14531DAD211B0043C221 /* SpecialLabelsGroupView.swift in Sources */ = {isa = PBXBuildFile; fileRef = 708E14521DAD211B0043C221 /* SpecialLabelsGroupView.swift */; };
		708E14551DAD212B0043C221 /* SpecialLabelsGroupView.xib in Resources */ = {isa = PBXBuildFile; fileRef = 708E14541DAD212B0043C221 /* SpecialLabelsGroupView.xib */; };
		708E14571DAD34760043C221 /* SecondVC.swift in Sources */ = {isa = PBXBuildFile; fileRef = 708E14561DAD34760043C221 /* SecondVC.swift */; };
/* End PBXBuildFile section */

/* Begin PBXFileReference section */
		708E143D1DAD20AE0043C221 /* ReusableCustomView.app */ = {isa = PBXFileReference; explicitFileType = wrapper.application; includeInIndex = 0; path = ReusableCustomView.app; sourceTree = BUILT_PRODUCTS_DIR; };
		708E14401DAD20AE0043C221 /* AppDelegate.swift */ = {isa = PBXFileReference; lastKnownFileType = sourcecode.swift; path = AppDelegate.swift; sourceTree = "<group>"; };
		708E14421DAD20AE0043C221 /* FirstVC.swift */ = {isa = PBXFileReference; lastKnownFileType = sourcecode.swift; path = FirstVC.swift; sourceTree = "<group>"; };
		708E14451DAD20AE0043C221 /* Base */ = {isa = PBXFileReference; lastKnownFileType = file.storyboard; name = Base; path = Base.lproj/Main.storyboard; sourceTree = "<group>"; };
		708E14471DAD20AE0043C221 /* Assets.xcassets */ = {isa = PBXFileReference; lastKnownFileType = folder.assetcatalog; path = Assets.xcassets; sourceTree = "<group>"; };
		708E144A1DAD20AE0043C221 /* Base */ = {isa = PBXFileReference; lastKnownFileType = file.storyboard; name = Base; path = Base.lproj/LaunchScreen.storyboard; sourceTree = "<group>"; };
		708E144C1DAD20AE0043C221 /* Info.plist */ = {isa = PBXFileReference; lastKnownFileType = text.plist.xml; path = Info.plist; sourceTree = "<group>"; };
		708E14521DAD211B0043C221 /* SpecialLabelsGroupView.swift */ = {isa = PBXFileReference; fileEncoding = 4; lastKnownFileType = sourcecode.swift; path = SpecialLabelsGroupView.swift; sourceTree = "<group>"; };
		708E14541DAD212B0043C221 /* SpecialLabelsGroupView.xib */ = {isa = PBXFileReference; fileEncoding = 4; lastKnownFileType = file.xib; path = SpecialLabelsGroupView.xib; sourceTree = "<group>"; };
		708E14561DAD34760043C221 /* SecondVC.swift */ = {isa = PBXFileReference; fileEncoding = 4; lastKnownFileType = sourcecode.swift; path = SecondVC.swift; sourceTree = "<group>"; };
/* End PBXFileReference section */

/* Begin PBXFrameworksBuildPhase section */
		708E143A1DAD20AE0043C221 /* Frameworks */ = {
			isa = PBXFrameworksBuildPhase;
			buildActionMask = 2147483647;
			files = (
			);
			runOnlyForDeploymentPostprocessing = 0;
		};
/* End PBXFrameworksBuildPhase section */

/* Begin PBXGroup section */
		708E14341DAD20AE0043C221 = {
			isa = PBXGroup;
			children = (
				708E143F1DAD20AE0043C221 /* ReusableCustomView */,
				708E143E1DAD20AE0043C221 /* Products */,
			);
			sourceTree = "<group>";
		};
		708E143E1DAD20AE0043C221 /* Products */ = {
			isa = PBXGroup;
			children = (
				708E143D1DAD20AE0043C221 /* ReusableCustomView.app */,
			);
			name = Products;
			sourceTree = "<group>";
		};
		708E143F1DAD20AE0043C221 /* ReusableCustomView */ = {
			isa = PBXGroup;
			children = (
				708E14401DAD20AE0043C221 /* AppDelegate.swift */,
				708E14421DAD20AE0043C221 /* FirstVC.swift */,
				708E14561DAD34760043C221 /* SecondVC.swift */,
				708E14441DAD20AE0043C221 /* Main.storyboard */,
				708E14471DAD20AE0043C221 /* Assets.xcassets */,
				708E14491DAD20AE0043C221 /* LaunchScreen.storyboard */,
				708E144C1DAD20AE0043C221 /* Info.plist */,
				708E14521DAD211B0043C221 /* SpecialLabelsGroupView.swift */,
				708E14541DAD212B0043C221 /* SpecialLabelsGroupView.xib */,
			);
			path = ReusableCustomView;
			sourceTree = "<group>";
		};
/* End PBXGroup section */

/* Begin PBXNativeTarget section */
		708E143C1DAD20AE0043C221 /* ReusableCustomView */ = {
			isa = PBXNativeTarget;
			buildConfigurationList = 708E144F1DAD20AE0043C221 /* Build configuration list for PBXNativeTarget "ReusableCustomView" */;
			buildPhases = (
				708E14391DAD20AE0043C221 /* Sources */,
				708E143A1DAD20AE0043C221 /* Frameworks */,
				708E143B1DAD20AE0043C221 /* Resources */,
			);
			buildRules = (
			);
			dependencies = (
			);
			name = ReusableCustomView;
			productName = ReusableCustomView;
			productReference = 708E143D1DAD20AE0043C221 /* ReusableCustomView.app */;
			productType = "com.apple.product-type.application";
		};
/* End PBXNativeTarget section */

/* Begin PBXProject section */
		708E14351DAD20AE0043C221 /* Project object */ = {
			isa = PBXProject;
			attributes = {
				LastSwiftUpdateCheck = 0800;
				LastUpgradeCheck = 0800;
				ORGANIZATIONNAME = MY;
				TargetAttributes = {
					708E143C1DAD20AE0043C221 = {
						CreatedOnToolsVersion = 8.0;
						ProvisioningStyle = Automatic;
					};
				};
			};
			buildConfigurationList = 708E14381DAD20AE0043C221 /* Build configuration list for PBXProject "ReusableCustomView" */;
			compatibilityVersion = "Xcode 3.2";
			developmentRegion = English;
			hasScannedForEncodings = 0;
			knownRegions = (
				en,
				Base,
			);
			mainGroup = 708E14341DAD20AE0043C221;
			productRefGroup = 708E143E1DAD20AE0043C221 /* Products */;
			projectDirPath = "";
			projectRoot = "";
			targets = (
				708E143C1DAD20AE0043C221 /* ReusableCustomView */,
			);
		};
/* End PBXProject section */

/* Begin PBXResourcesBuildPhase section */
		708E143B1DAD20AE0043C221 /* Resources */ = {
			isa = PBXResourcesBuildPhase;
			buildActionMask = 2147483647;
			files = (
				708E14551DAD212B0043C221 /* SpecialLabelsGroupView.xib in Resources */,
				708E144B1DAD20AE0043C221 /* LaunchScreen.storyboard in Resources */,
				708E14481DAD20AE0043C221 /* Assets.xcassets in Resources */,
				708E14461DAD20AE0043C221 /* Main.storyboard in Resources */,
			);
			runOnlyForDeploymentPostprocessing = 0;
		};
/* End PBXResourcesBuildPhase section */

/* Begin PBXSourcesBuildPhase section */
		708E14391DAD20AE0043C221 /* Sources */ = {
			isa = PBXSourcesBuildPhase;
			buildActionMask = 2147483647;
			files = (
				708E14431DAD20AE0043C221 /* FirstVC.swift in Sources */,
				708E14411DAD20AE0043C221 /* AppDelegate.swift in Sources */,
				708E14531DAD211B0043C221 /* SpecialLabelsGroupView.swift in Sources */,
				708E14571DAD34760043C221 /* SecondVC.swift in Sources */,
			);
			runOnlyForDeploymentPostprocessing = 0;
		};
/* End PBXSourcesBuildPhase section */

/* Begin PBXVariantGroup section */
		708E14441DAD20AE0043C221 /* Main.storyboard */ = {
			isa = PBXVariantGroup;
			children = (
				708E14451DAD20AE0043C221 /* Base */,
			);
			name = Main.storyboard;
			sourceTree = "<group>";
		};
		708E14491DAD20AE0043C221 /* LaunchScreen.storyboard */ = {
			isa = PBXVariantGroup;
			children = (
				708E144A1DAD20AE0043C221 /* Base */,
			);
			name = LaunchScreen.storyboard;
			sourceTree = "<group>";
		};
/* End PBXVariantGroup section */

/* Begin XCBuildConfiguration section */
		708E144D1DAD20AE0043C221 /* Debug */ = {
			isa = XCBuildConfiguration;
			buildSettings = {
				ALWAYS_SEARCH_USER_PATHS = NO;
				CLANG_ANALYZER_NONNULL = YES;
				CLANG_CXX_LANGUAGE_STANDARD = "gnu++0x";
				CLANG_CXX_LIBRARY = "libc++";
				CLANG_ENABLE_MODULES = YES;
				CLANG_ENABLE_OBJC_ARC = YES;
				CLANG_WARN_BOOL_CONVERSION = YES;
				CLANG_WARN_CONSTANT_CONVERSION = YES;
				CLANG_WARN_DIRECT_OBJC_ISA_USAGE = YES_ERROR;
				CLANG_WARN_DOCUMENTATION_COMMENTS = YES;
				CLANG_WARN_EMPTY_BODY = YES;
				CLANG_WARN_ENUM_CONVERSION = YES;
				CLANG_WARN_INFINITE_RECURSION = YES;
				CLANG_WARN_INT_CONVERSION = YES;
				CLANG_WARN_OBJC_ROOT_CLASS = YES_ERROR;
				CLANG_WARN_SUSPICIOUS_MOVES = YES;
				CLANG_WARN_UNREACHABLE_CODE = YES;
				CLANG_WARN__DUPLICATE_METHOD_MATCH = YES;
				"CODE_SIGN_IDENTITY[sdk=iphoneos*]" = "iPhone Developer";
				COPY_PHASE_STRIP = NO;
				DEBUG_INFORMATION_FORMAT = dwarf;
				ENABLE_STRICT_OBJC_MSGSEND = YES;
				ENABLE_TESTABILITY = YES;
				GCC_C_LANGUAGE_STANDARD = gnu99;
				GCC_DYNAMIC_NO_PIC = NO;
				GCC_NO_COMMON_BLOCKS = YES;
				GCC_OPTIMIZATION_LEVEL = 0;
				GCC_PREPROCESSOR_DEFINITIONS = (
					"DEBUG=1",
					"$(inherited)",
				);
				GCC_WARN_64_TO_32_BIT_CONVERSION = YES;
				GCC_WARN_ABOUT_RETURN_TYPE = YES_ERROR;
				GCC_WARN_UNDECLARED_SELECTOR = YES;
				GCC_WARN_UNINITIALIZED_AUTOS = YES_AGGRESSIVE;
				GCC_WARN_UNUSED_FUNCTION = YES;
				GCC_WARN_UNUSED_VARIABLE = YES;
				IPHONEOS_DEPLOYMENT_TARGET = 10.0;
				MTL_ENABLE_DEBUG_INFO = YES;
				ONLY_ACTIVE_ARCH = YES;
				SDKROOT = iphoneos;
				SWIFT_ACTIVE_COMPILATION_CONDITIONS = DEBUG;
				SWIFT_OPTIMIZATION_LEVEL = "-Onone";
				TARGETED_DEVICE_FAMILY = "1,2";
			};
			name = Debug;
		};
		708E144E1DAD20AE0043C221 /* Release */ = {
			isa = XCBuildConfiguration;
			buildSettings = {
				ALWAYS_SEARCH_USER_PATHS = NO;
				CLANG_ANALYZER_NONNULL = YES;
				CLANG_CXX_LANGUAGE_STANDARD = "gnu++0x";
				CLANG_CXX_LIBRARY = "libc++";
				CLANG_ENABLE_MODULES = YES;
				CLANG_ENABLE_OBJC_ARC = YES;
				CLANG_WARN_BOOL_CONVERSION = YES;
				CLANG_WARN_CONSTANT_CONVERSION = YES;
				CLANG_WARN_DIRECT_OBJC_ISA_USAGE = YES_ERROR;
				CLANG_WARN_DOCUMENTATION_COMMENTS = YES;
				CLANG_WARN_EMPTY_BODY = YES;
				CLANG_WARN_ENUM_CONVERSION = YES;
				CLANG_WARN_INFINITE_RECURSION = YES;
				CLANG_WARN_INT_CONVERSION = YES;
				CLANG_WARN_OBJC_ROOT_CLASS = YES_ERROR;
				CLANG_WARN_SUSPICIOUS_MOVES = YES;
				CLANG_WARN_UNREACHABLE_CODE = YES;
				CLANG_WARN__DUPLICATE_METHOD_MATCH = YES;
				"CODE_SIGN_IDENTITY[sdk=iphoneos*]" = "iPhone Developer";
				COPY_PHASE_STRIP = NO;
				DEBUG_INFORMATION_FORMAT = "dwarf-with-dsym";
				ENABLE_NS_ASSERTIONS = NO;
				ENABLE_STRICT_OBJC_MSGSEND = YES;
				GCC_C_LANGUAGE_STANDARD = gnu99;
				GCC_NO_COMMON_BLOCKS = YES;
				GCC_WARN_64_TO_32_BIT_CONVERSION = YES;
				GCC_WARN_ABOUT_RETURN_TYPE = YES_ERROR;
				GCC_WARN_UNDECLARED_SELECTOR = YES;
				GCC_WARN_UNINITIALIZED_AUTOS = YES_AGGRESSIVE;
				GCC_WARN_UNUSED_FUNCTION = YES;
				GCC_WARN_UNUSED_VARIABLE = YES;
				IPHONEOS_DEPLOYMENT_TARGET = 10.0;
				MTL_ENABLE_DEBUG_INFO = NO;
				SDKROOT = iphoneos;
				SWIFT_OPTIMIZATION_LEVEL = "-Owholemodule";
				TARGETED_DEVICE_FAMILY = "1,2";
				VALIDATE_PRODUCT = YES;
			};
			name = Release;
		};
		708E14501DAD20AE0043C221 /* Debug */ = {
			isa = XCBuildConfiguration;
			buildSettings = {
				ASSETCATALOG_COMPILER_APPICON_NAME = AppIcon;
				INFOPLIST_FILE = ReusableCustomView/Info.plist;
				LD_RUNPATH_SEARCH_PATHS = "$(inherited) @executable_path/Frameworks";
				PRODUCT_BUNDLE_IDENTIFIER = MY.ReusableCustomView;
				PRODUCT_NAME = "$(TARGET_NAME)";
				SWIFT_VERSION = 3.0;
			};
			name = Debug;
		};
		708E14511DAD20AE0043C221 /* Release */ = {
			isa = XCBuildConfiguration;
			buildSettings = {
				ASSETCATALOG_COMPILER_APPICON_NAME = AppIcon;
				INFOPLIST_FILE = ReusableCustomView/Info.plist;
				LD_RUNPATH_SEARCH_PATHS = "$(inherited) @executable_path/Frameworks";
				PRODUCT_BUNDLE_IDENTIFIER = MY.ReusableCustomView;
				PRODUCT_NAME = "$(TARGET_NAME)";
				SWIFT_VERSION = 3.0;
			};
			name = Release;
		};
/* End XCBuildConfiguration section */

/* Begin XCConfigurationList section */
		708E14381DAD20AE0043C221 /* Build configuration list for PBXProject "ReusableCustomView" */ = {
			isa = XCConfigurationList;
			buildConfigurations = (
				708E144D1DAD20AE0043C221 /* Debug */,
				708E144E1DAD20AE0043C221 /* Release */,
			);
			defaultConfigurationIsVisible = 0;
			defaultConfigurationName = Release;
		};
		708E144F1DAD20AE0043C221 /* Build configuration list for PBXNativeTarget "ReusableCustomView" */ = {
			isa = XCConfigurationList;
			buildConfigurations = (
				708E14501DAD20AE0043C221 /* Debug */,
				708E14511DAD20AE0043C221 /* Release */,
			);
			defaultConfigurationIsVisible = 0;
		};
/* End XCConfigurationList section */
	};
	rootObject = 708E14351DAD20AE0043C221 /* Project object */;
}
